
Microsoft Visual Studio Solution File, Format Version 12.00
# Visual Studio Version 16
VisualStudioVersion = 16.0.32106.194
MinimumVisualStudioVersion = 10.0.40219.1
Project("{FAE04EC0-301F-11D3-BF4B-00C04F79EFBC}") = "WSHHVentasSeguros", "WSHHVentasSeguros\WSHHVentasSeguros.csproj", "{9EC8A218-B32C-4F34-AAFA-CB2C2CE44FF5}"
EndProject
Global
	GlobalSection(SolutionConfigurationPlatforms) = preSolution
		Debug|Any CPU = Debug|Any CPU
		Release|Any CPU = Release|Any CPU
	EndGlobalSection
	GlobalSection(ProjectConfigurationPlatforms) = postSolution
		{9EC8A218-B32C-4F34-AAFA-CB2C2CE44FF5}.Debug|Any CPU.ActiveCfg = Debug|Any CPU
		{9EC8A218-B32C-4F34-AAFA-CB2C2CE44FF5}.Debug|Any CPU.Build.0 = Debug|Any CPU
		{9EC8A218-B32C-4F34-AAFA-CB2C2CE44FF5}.Release|Any CPU.ActiveCfg = Release|Any CPU
		{9EC8A218-B32C-4F34-AAFA-CB2C2CE44FF5}.Release|Any CPU.Build.0 = Release|Any CPU
	EndGlobalSection
	GlobalSection(SolutionProperties) = preSolution
		HideSolutionNode = FALSE
	EndGlobalSection
	GlobalSection(ExtensibilityGlobals) = postSolution
		SolutionGuid = {BC7801DB-3884-4858-B12F-88024024125C}
	EndGlobalSection
EndGlobal
